
Microsoft Visual Studio Solution File, Format Version 12.00
# Visual Studio Version 16
VisualStudioVersion = 16.0.30320.27
MinimumVisualStudioVersion = 10.0.40219.1
Project("{FAE04EC0-301F-11D3-BF4B-00C04F79EFBC}") = "RobotsVDinosaurs", "RobotsVDinosaurs.csproj", "{F539842B-BE4A-47EE-9EFE-D980854B788E}"
EndProject
Global
	GlobalSection(SolutionConfigurationPlatforms) = preSolution
		Debug|Any CPU = Debug|Any CPU
		Release|Any CPU = Release|Any CPU
	EndGlobalSection
	GlobalSection(ProjectConfigurationPlatforms) = postSolution
		{F539842B-BE4A-47EE-9EFE-D980854B788E}.Debug|Any CPU.ActiveCfg = Debug|Any CPU
		{F539842B-BE4A-47EE-9EFE-D980854B788E}.Debug|Any CPU.Build.0 = Debug|Any CPU
		{F539842B-BE4A-47EE-9EFE-D980854B788E}.Release|Any CPU.ActiveCfg = Release|Any CPU
		{F539842B-BE4A-47EE-9EFE-D980854B788E}.Release|Any CPU.Build.0 = Release|Any CPU
	EndGlobalSection
	GlobalSection(SolutionProperties) = preSolution
		HideSolutionNode = FALSE
	EndGlobalSection
	GlobalSection(ExtensibilityGlobals) = postSolution
		SolutionGuid = {CDE71B46-69EF-4ED1-A129-7F4B25523326}
	EndGlobalSection
EndGlobal
